// !$*UTF8*$!
{
	archiveVersion = 1;
	classes = {
	};
	objectVersion = 50;
	objects = {

/* Begin PBXBuildFile section */
		AB68EAF22619F3240021D286 /* Person.swift in Sources */ = {isa = PBXBuildFile; fileRef = AB68EAF12619F3240021D286 /* Person.swift */; };
		AB68EAF52619FF860021D286 /* InfoViewController.swift in Sources */ = {isa = PBXBuildFile; fileRef = AB68EAF42619FF860021D286 /* InfoViewController.swift */; };
		AB68EAF82619FFBA0021D286 /* FactsViewController.swift in Sources */ = {isa = PBXBuildFile; fileRef = AB68EAF72619FFBA0021D286 /* FactsViewController.swift */; };
		AB85E8F9261395C900B66B0E /* AppDelegate.swift in Sources */ = {isa = PBXBuildFile; fileRef = AB85E8F8261395C900B66B0E /* AppDelegate.swift */; };
		AB85E8FB261395C900B66B0E /* SceneDelegate.swift in Sources */ = {isa = PBXBuildFile; fileRef = AB85E8FA261395C900B66B0E /* SceneDelegate.swift */; };
		AB85E8FD261395C900B66B0E /* LoginViewController.swift in Sources */ = {isa = PBXBuildFile; fileRef = AB85E8FC261395C900B66B0E /* LoginViewController.swift */; };
		AB85E900261395C900B66B0E /* Main.storyboard in Resources */ = {isa = PBXBuildFile; fileRef = AB85E8FE261395C900B66B0E /* Main.storyboard */; };
		AB85E902261395CB00B66B0E /* Assets.xcassets in Resources */ = {isa = PBXBuildFile; fileRef = AB85E901261395CB00B66B0E /* Assets.xcassets */; };
		AB85E905261395CB00B66B0E /* LaunchScreen.storyboard in Resources */ = {isa = PBXBuildFile; fileRef = AB85E903261395CB00B66B0E /* LaunchScreen.storyboard */; };
		AB85E90F2613A00C00B66B0E /* WelcomeViewController.swift in Sources */ = {isa = PBXBuildFile; fileRef = AB85E90E2613A00C00B66B0E /* WelcomeViewController.swift */; };
/* End PBXBuildFile section */

/* Begin PBXFileReference section */
		AB68EAF12619F3240021D286 /* Person.swift */ = {isa = PBXFileReference; lastKnownFileType = sourcecode.swift; path = Person.swift; sourceTree = "<group>"; };
		AB68EAF42619FF860021D286 /* InfoViewController.swift */ = {isa = PBXFileReference; lastKnownFileType = sourcecode.swift; path = InfoViewController.swift; sourceTree = "<group>"; };
		AB68EAF72619FFBA0021D286 /* FactsViewController.swift */ = {isa = PBXFileReference; lastKnownFileType = sourcecode.swift; path = FactsViewController.swift; sourceTree = "<group>"; };
		AB85E8F5261395C900B66B0E /* LogInApp.app */ = {isa = PBXFileReference; explicitFileType = wrapper.application; includeInIndex = 0; path = LogInApp.app; sourceTree = BUILT_PRODUCTS_DIR; };
		AB85E8F8261395C900B66B0E /* AppDelegate.swift */ = {isa = PBXFileReference; lastKnownFileType = sourcecode.swift; path = AppDelegate.swift; sourceTree = "<group>"; };
		AB85E8FA261395C900B66B0E /* SceneDelegate.swift */ = {isa = PBXFileReference; lastKnownFileType = sourcecode.swift; path = SceneDelegate.swift; sourceTree = "<group>"; };
		AB85E8FC261395C900B66B0E /* LoginViewController.swift */ = {isa = PBXFileReference; lastKnownFileType = sourcecode.swift; path = LoginViewController.swift; sourceTree = "<group>"; };
		AB85E8FF261395C900B66B0E /* Base */ = {isa = PBXFileReference; lastKnownFileType = file.storyboard; name = Base; path = Base.lproj/Main.storyboard; sourceTree = "<group>"; };
		AB85E901261395CB00B66B0E /* Assets.xcassets */ = {isa = PBXFileReference; lastKnownFileType = folder.assetcatalog; path = Assets.xcassets; sourceTree = "<group>"; };
		AB85E904261395CB00B66B0E /* Base */ = {isa = PBXFileReference; lastKnownFileType = file.storyboard; name = Base; path = Base.lproj/LaunchScreen.storyboard; sourceTree = "<group>"; };
		AB85E906261395CB00B66B0E /* Info.plist */ = {isa = PBXFileReference; lastKnownFileType = text.plist.xml; path = Info.plist; sourceTree = "<group>"; };
		AB85E90E2613A00C00B66B0E /* WelcomeViewController.swift */ = {isa = PBXFileReference; lastKnownFileType = sourcecode.swift; path = WelcomeViewController.swift; sourceTree = "<group>"; };
/* End PBXFileReference section */

/* Begin PBXFrameworksBuildPhase section */
		AB85E8F2261395C900B66B0E /* Frameworks */ = {
			isa = PBXFrameworksBuildPhase;
			buildActionMask = 2147483647;
			files = (
			);
			runOnlyForDeploymentPostprocessing = 0;
		};
/* End PBXFrameworksBuildPhase section */

/* Begin PBXGroup section */
		AB68EAE02619E8860021D286 /* ViewControllers */ = {
			isa = PBXGroup;
			children = (
				AB85E8FC261395C900B66B0E /* LoginViewController.swift */,
				AB85E90E2613A00C00B66B0E /* WelcomeViewController.swift */,
			);
			path = ViewControllers;
			sourceTree = "<group>";
		};
		AB68EAE22619E8B90021D286 /* Models */ = {
			isa = PBXGroup;
			children = (
				AB68EAF12619F3240021D286 /* Person.swift */,
			);
			path = Models;
			sourceTree = "<group>";
		};
		AB68EAE32619E8DA0021D286 /* Storyboards */ = {
			isa = PBXGroup;
			children = (
				AB85E8FE261395C900B66B0E /* Main.storyboard */,
				AB85E903261395CB00B66B0E /* LaunchScreen.storyboard */,
			);
			path = Storyboards;
			sourceTree = "<group>";
		};
		AB68EAE42619E8FC0021D286 /* Resources */ = {
			isa = PBXGroup;
			children = (
				AB85E901261395CB00B66B0E /* Assets.xcassets */,
			);
			path = Resources;
			sourceTree = "<group>";
		};
		AB68EAE52619E92B0021D286 /* Supporting */ = {
			isa = PBXGroup;
			children = (
				AB85E8F8261395C900B66B0E /* AppDelegate.swift */,
				AB85E8FA261395C900B66B0E /* SceneDelegate.swift */,
				AB85E906261395CB00B66B0E /* Info.plist */,
			);
			path = Supporting;
			sourceTree = "<group>";
		};
		AB85E8EC261395C900B66B0E = {
			isa = PBXGroup;
			children = (
				AB85E8F7261395C900B66B0E /* LogInApp */,
				AB85E8F6261395C900B66B0E /* Products */,
			);
			sourceTree = "<group>";
		};
		AB85E8F6261395C900B66B0E /* Products */ = {
			isa = PBXGroup;
			children = (
				AB85E8F5261395C900B66B0E /* LogInApp.app */,
			);
			name = Products;
			sourceTree = "<group>";
		};
		AB85E8F7261395C900B66B0E /* LogInApp */ = {
			isa = PBXGroup;
			children = (
				AB68EAF42619FF860021D286 /* InfoViewController.swift */,
				AB68EAF72619FFBA0021D286 /* FactsViewController.swift */,
				AB68EAE02619E8860021D286 /* ViewControllers */,
				AB68EAE22619E8B90021D286 /* Models */,
				AB68EAE32619E8DA0021D286 /* Storyboards */,
				AB68EAE52619E92B0021D286 /* Supporting */,
				AB68EAE42619E8FC0021D286 /* Resources */,
			);
			path = LogInApp;
			sourceTree = "<group>";
		};
/* End PBXGroup section */

/* Begin PBXNativeTarget section */
		AB85E8F4261395C900B66B0E /* LogInApp */ = {
			isa = PBXNativeTarget;
			buildConfigurationList = AB85E909261395CB00B66B0E /* Build configuration list for PBXNativeTarget "LogInApp" */;
			buildPhases = (
				AB85E8F1261395C900B66B0E /* Sources */,
				AB85E8F2261395C900B66B0E /* Frameworks */,
				AB85E8F3261395C900B66B0E /* Resources */,
			);
			buildRules = (
			);
			dependencies = (
			);
			name = LogInApp;
			productName = LogInApp;
			productReference = AB85E8F5261395C900B66B0E /* LogInApp.app */;
			productType = "com.apple.product-type.application";
		};
/* End PBXNativeTarget section */

/* Begin PBXProject section */
		AB85E8ED261395C900B66B0E /* Project object */ = {
			isa = PBXProject;
			attributes = {
				LastSwiftUpdateCheck = 1240;
				LastUpgradeCheck = 1240;
				TargetAttributes = {
					AB85E8F4261395C900B66B0E = {
						CreatedOnToolsVersion = 12.4;
					};
				};
			};
			buildConfigurationList = AB85E8F0261395C900B66B0E /* Build configuration list for PBXProject "LogInApp" */;
			compatibilityVersion = "Xcode 9.3";
			developmentRegion = en;
			hasScannedForEncodings = 0;
			knownRegions = (
				en,
				Base,
			);
			mainGroup = AB85E8EC261395C900B66B0E;
			productRefGroup = AB85E8F6261395C900B66B0E /* Products */;
			projectDirPath = "";
			projectRoot = "";
			targets = (
				AB85E8F4261395C900B66B0E /* LogInApp */,
			);
		};
/* End PBXProject section */

/* Begin PBXResourcesBuildPhase section */
		AB85E8F3261395C900B66B0E /* Resources */ = {
			isa = PBXResourcesBuildPhase;
			buildActionMask = 2147483647;
			files = (
				AB85E905261395CB00B66B0E /* LaunchScreen.storyboard in Resources */,
				AB85E902261395CB00B66B0E /* Assets.xcassets in Resources */,
				AB85E900261395C900B66B0E /* Main.storyboard in Resources */,
			);
			runOnlyForDeploymentPostprocessing = 0;
		};
/* End PBXResourcesBuildPhase section */

/* Begin PBXSourcesBuildPhase section */
		AB85E8F1261395C900B66B0E /* Sources */ = {
			isa = PBXSourcesBuildPhase;
			buildActionMask = 2147483647;
			files = (
				AB68EAF22619F3240021D286 /* Person.swift in Sources */,
				AB85E8FD261395C900B66B0E /* LoginViewController.swift in Sources */,
				AB68EAF82619FFBA0021D286 /* FactsViewController.swift in Sources */,
				AB85E90F2613A00C00B66B0E /* WelcomeViewController.swift in Sources */,
				AB85E8F9261395C900B66B0E /* AppDelegate.swift in Sources */,
				AB68EAF52619FF860021D286 /* InfoViewController.swift in Sources */,
				AB85E8FB261395C900B66B0E /* SceneDelegate.swift in Sources */,
			);
			runOnlyForDeploymentPostprocessing = 0;
		};
/* End PBXSourcesBuildPhase section */

/* Begin PBXVariantGroup section */
		AB85E8FE261395C900B66B0E /* Main.storyboard */ = {
			isa = PBXVariantGroup;
			children = (
				AB85E8FF261395C900B66B0E /* Base */,
			);
			name = Main.storyboard;
			sourceTree = "<group>";
		};
		AB85E903261395CB00B66B0E /* LaunchScreen.storyboard */ = {
			isa = PBXVariantGroup;
			children = (
				AB85E904261395CB00B66B0E /* Base */,
			);
			name = LaunchScreen.storyboard;
			sourceTree = "<group>";
		};
/* End PBXVariantGroup section */

/* Begin XCBuildConfiguration section */
		AB85E907261395CB00B66B0E /* Debug */ = {
			isa = XCBuildConfiguration;
			buildSettings = {
				ALWAYS_SEARCH_USER_PATHS = NO;
				CLANG_ANALYZER_NONNULL = YES;
				CLANG_ANALYZER_NUMBER_OBJECT_CONVERSION = YES_AGGRESSIVE;
				CLANG_CXX_LANGUAGE_STANDARD = "gnu++14";
				CLANG_CXX_LIBRARY = "libc++";
				CLANG_ENABLE_MODULES = YES;
				CLANG_ENABLE_OBJC_ARC = YES;
				CLANG_ENABLE_OBJC_WEAK = YES;
				CLANG_WARN_BLOCK_CAPTURE_AUTORELEASING = YES;
				CLANG_WARN_BOOL_CONVERSION = YES;
				CLANG_WARN_COMMA = YES;
				CLANG_WARN_CONSTANT_CONVERSION = YES;
				CLANG_WARN_DEPRECATED_OBJC_IMPLEMENTATIONS = YES;
				CLANG_WARN_DIRECT_OBJC_ISA_USAGE = YES_ERROR;
				CLANG_WARN_DOCUMENTATION_COMMENTS = YES;
				CLANG_WARN_EMPTY_BODY = YES;
				CLANG_WARN_ENUM_CONVERSION = YES;
				CLANG_WARN_INFINITE_RECURSION = YES;
				CLANG_WARN_INT_CONVERSION = YES;
				CLANG_WARN_NON_LITERAL_NULL_CONVERSION = YES;
				CLANG_WARN_OBJC_IMPLICIT_RETAIN_SELF = YES;
				CLANG_WARN_OBJC_LITERAL_CONVERSION = YES;
				CLANG_WARN_OBJC_ROOT_CLASS = YES_ERROR;
				CLANG_WARN_QUOTED_INCLUDE_IN_FRAMEWORK_HEADER = YES;
				CLANG_WARN_RANGE_LOOP_ANALYSIS = YES;
				CLANG_WARN_STRICT_PROTOTYPES = YES;
				CLANG_WARN_SUSPICIOUS_MOVE = YES;
				CLANG_WARN_UNGUARDED_AVAILABILITY = YES_AGGRESSIVE;
				CLANG_WARN_UNREACHABLE_CODE = YES;
				CLANG_WARN__DUPLICATE_METHOD_MATCH = YES;
				COPY_PHASE_STRIP = NO;
				DEBUG_INFORMATION_FORMAT = dwarf;
				ENABLE_STRICT_OBJC_MSGSEND = YES;
				ENABLE_TESTABILITY = YES;
				GCC_C_LANGUAGE_STANDARD = gnu11;
				GCC_DYNAMIC_NO_PIC = NO;
				GCC_NO_COMMON_BLOCKS = YES;
				GCC_OPTIMIZATION_LEVEL = 0;
				GCC_PREPROCESSOR_DEFINITIONS = (
					"DEBUG=1",
					"$(inherited)",
				);
				GCC_WARN_64_TO_32_BIT_CONVERSION = YES;
				GCC_WARN_ABOUT_RETURN_TYPE = YES_ERROR;
				GCC_WARN_UNDECLARED_SELECTOR = YES;
				GCC_WARN_UNINITIALIZED_AUTOS = YES_AGGRESSIVE;
				GCC_WARN_UNUSED_FUNCTION = YES;
				GCC_WARN_UNUSED_VARIABLE = YES;
				IPHONEOS_DEPLOYMENT_TARGET = 14.4;
				MTL_ENABLE_DEBUG_INFO = INCLUDE_SOURCE;
				MTL_FAST_MATH = YES;
				ONLY_ACTIVE_ARCH = YES;
				SDKROOT = iphoneos;
				SWIFT_ACTIVE_COMPILATION_CONDITIONS = DEBUG;
				SWIFT_OPTIMIZATION_LEVEL = "-Onone";
			};
			name = Debug;
		};
		AB85E908261395CB00B66B0E /* Release */ = {
			isa = XCBuildConfiguration;
			buildSettings = {
				ALWAYS_SEARCH_USER_PATHS = NO;
				CLANG_ANALYZER_NONNULL = YES;
				CLANG_ANALYZER_NUMBER_OBJECT_CONVERSION = YES_AGGRESSIVE;
				CLANG_CXX_LANGUAGE_STANDARD = "gnu++14";
				CLANG_CXX_LIBRARY = "libc++";
				CLANG_ENABLE_MODULES = YES;
				CLANG_ENABLE_OBJC_ARC = YES;
				CLANG_ENABLE_OBJC_WEAK = YES;
				CLANG_WARN_BLOCK_CAPTURE_AUTORELEASING = YES;
				CLANG_WARN_BOOL_CONVERSION = YES;
				CLANG_WARN_COMMA = YES;
				CLANG_WARN_CONSTANT_CONVERSION = YES;
				CLANG_WARN_DEPRECATED_OBJC_IMPLEMENTATIONS = YES;
				CLANG_WARN_DIRECT_OBJC_ISA_USAGE = YES_ERROR;
				CLANG_WARN_DOCUMENTATION_COMMENTS = YES;
				CLANG_WARN_EMPTY_BODY = YES;
				CLANG_WARN_ENUM_CONVERSION = YES;
				CLANG_WARN_INFINITE_RECURSION = YES;
				CLANG_WARN_INT_CONVERSION = YES;
				CLANG_WARN_NON_LITERAL_NULL_CONVERSION = YES;
				CLANG_WARN_OBJC_IMPLICIT_RETAIN_SELF = YES;
				CLANG_WARN_OBJC_LITERAL_CONVERSION = YES;
				CLANG_WARN_OBJC_ROOT_CLASS = YES_ERROR;
				CLANG_WARN_QUOTED_INCLUDE_IN_FRAMEWORK_HEADER = YES;
				CLANG_WARN_RANGE_LOOP_ANALYSIS = YES;
				CLANG_WARN_STRICT_PROTOTYPES = YES;
				CLANG_WARN_SUSPICIOUS_MOVE = YES;
				CLANG_WARN_UNGUARDED_AVAILABILITY = YES_AGGRESSIVE;
				CLANG_WARN_UNREACHABLE_CODE = YES;
				CLANG_WARN__DUPLICATE_METHOD_MATCH = YES;
				COPY_PHASE_STRIP = NO;
				DEBUG_INFORMATION_FORMAT = "dwarf-with-dsym";
				ENABLE_NS_ASSERTIONS = NO;
				ENABLE_STRICT_OBJC_MSGSEND = YES;
				GCC_C_LANGUAGE_STANDARD = gnu11;
				GCC_NO_COMMON_BLOCKS = YES;
				GCC_WARN_64_TO_32_BIT_CONVERSION = YES;
				GCC_WARN_ABOUT_RETURN_TYPE = YES_ERROR;
				GCC_WARN_UNDECLARED_SELECTOR = YES;
				GCC_WARN_UNINITIALIZED_AUTOS = YES_AGGRESSIVE;
				GCC_WARN_UNUSED_FUNCTION = YES;
				GCC_WARN_UNUSED_VARIABLE = YES;
				IPHONEOS_DEPLOYMENT_TARGET = 14.4;
				MTL_ENABLE_DEBUG_INFO = NO;
				MTL_FAST_MATH = YES;
				SDKROOT = iphoneos;
				SWIFT_COMPILATION_MODE = wholemodule;
				SWIFT_OPTIMIZATION_LEVEL = "-O";
				VALIDATE_PRODUCT = YES;
			};
			name = Release;
		};
		AB85E90A261395CB00B66B0E /* Debug */ = {
			isa = XCBuildConfiguration;
			buildSettings = {
				ASSETCATALOG_COMPILER_APPICON_NAME = AppIcon;
				ASSETCATALOG_COMPILER_GLOBAL_ACCENT_COLOR_NAME = AccentColor;
				CODE_SIGN_STYLE = Automatic;
				INFOPLIST_FILE = LogInApp/Supporting/Info.plist;
				LD_RUNPATH_SEARCH_PATHS = (
					"$(inherited)",
					"@executable_path/Frameworks",
				);
				PRODUCT_BUNDLE_IDENTIFIER = ru.tio.LogInApp;
				PRODUCT_NAME = "$(TARGET_NAME)";
				SWIFT_VERSION = 5.0;
				TARGETED_DEVICE_FAMILY = 1;
			};
			name = Debug;
		};
		AB85E90B261395CB00B66B0E /* Release */ = {
			isa = XCBuildConfiguration;
			buildSettings = {
				ASSETCATALOG_COMPILER_APPICON_NAME = AppIcon;
				ASSETCATALOG_COMPILER_GLOBAL_ACCENT_COLOR_NAME = AccentColor;
				CODE_SIGN_STYLE = Automatic;
				INFOPLIST_FILE = LogInApp/Supporting/Info.plist;
				LD_RUNPATH_SEARCH_PATHS = (
					"$(inherited)",
					"@executable_path/Frameworks",
				);
				PRODUCT_BUNDLE_IDENTIFIER = ru.tio.LogInApp;
				PRODUCT_NAME = "$(TARGET_NAME)";
				SWIFT_VERSION = 5.0;
				TARGETED_DEVICE_FAMILY = 1;
			};
			name = Release;
		};
/* End XCBuildConfiguration section */

/* Begin XCConfigurationList section */
		AB85E8F0261395C900B66B0E /* Build configuration list for PBXProject "LogInApp" */ = {
			isa = XCConfigurationList;
			buildConfigurations = (
				AB85E907261395CB00B66B0E /* Debug */,
				AB85E908261395CB00B66B0E /* Release */,
			);
			defaultConfigurationIsVisible = 0;
			defaultConfigurationName = Release;
		};
		AB85E909261395CB00B66B0E /* Build configuration list for PBXNativeTarget "LogInApp" */ = {
			isa = XCConfigurationList;
			buildConfigurations = (
				AB85E90A261395CB00B66B0E /* Debug */,
				AB85E90B261395CB00B66B0E /* Release */,
			);
			defaultConfigurationIsVisible = 0;
			defaultConfigurationName = Release;
		};
/* End XCConfigurationList section */
	};
	rootObject = AB85E8ED261395C900B66B0E /* Project object */;
}
